Microsoft Visual Studio Solution File, Format Version 12.00
# Visual Studio Version 17
VisualStudioVersion = 17.0.31903.59
MinimumVisualStudioVersion = 10.0.40219.1
Project("{9A19103F-16F7-4668-BE54-9A1E7A4F7556}") = "Rice2k.App", "src\Rice2k.App\Rice2k.App.csproj", "{FBD0E42B-8D2B-4E90-8DAF-63B41362CF91}"
EndProject
Project("{9A19103F-16F7-4668-BE54-9A1E7A4F7556}") = "Rice2k.Tests", "tests\Rice2k.Tests\Rice2k.Tests.csproj", "{7BD8F6C9-A64F-4DB6-A6C7-8E4A1256DB91}"
EndProject
Project("{9A19103F-16F7-4668-BE54-9A1E7A4F7556}") = "Rice2k.VaultBench", "tools\Rice2k.VaultBench\Rice2k.VaultBench.csproj", "{AB8D4A6C-BE1C-4DB9-A7F6-671C4F31E947}"
EndProject
Project("{9A19103F-16F7-4668-BE54-9A1E7A4F7556}") = "Rice2k.FileBench", "tools\Rice2k.FileBench\Rice2k.FileBench.csproj", "{C51A38E7-5764-4D17-94F1-52F51D0AAB2C}"
EndProject
Global
	GlobalSection(SolutionConfigurationPlatforms) = preSolution
		Debug|Any CPU = Debug|Any CPU
		Release|Any CPU = Release|Any CPU
	EndGlobalSection
	GlobalSection(ProjectConfigurationPlatforms) = postSolution
		{FBD0E42B-8D2B-4E90-8DAF-63B41362CF91}.Debug|Any CPU.ActiveCfg = Debug|Any CPU
		{FBD0E42B-8D2B-4E90-8DAF-63B41362CF91}.Debug|Any CPU.Build.0 = Debug|Any CPU
		{FBD0E42B-8D2B-4E90-8DAF-63B41362CF91}.Release|Any CPU.ActiveCfg = Release|Any CPU
		{FBD0E42B-8D2B-4E90-8DAF-63B41362CF91}.Release|Any CPU.Build.0 = Release|Any CPU
		{7BD8F6C9-A64F-4DB6-A6C7-8E4A1256DB91}.Debug|Any CPU.ActiveCfg = Debug|Any CPU
		{7BD8F6C9-A64F-4DB6-A6C7-8E4A1256DB91}.Debug|Any CPU.Build.0 = Debug|Any CPU
		{7BD8F6C9-A64F-4DB6-A6C7-8E4A1256DB91}.Release|Any CPU.ActiveCfg = Release|Any CPU
		{7BD8F6C9-A64F-4DB6-A6C7-8E4A1256DB91}.Release|Any CPU.Build.0 = Release|Any CPU
		{AB8D4A6C-BE1C-4DB9-A7F6-671C4F31E947}.Debug|Any CPU.ActiveCfg = Debug|Any CPU
		{AB8D4A6C-BE1C-4DB9-A7F6-671C4F31E947}.Debug|Any CPU.Build.0 = Debug|Any CPU
		{AB8D4A6C-BE1C-4DB9-A7F6-671C4F31E947}.Release|Any CPU.ActiveCfg = Release|Any CPU
		{AB8D4A6C-BE1C-4DB9-A7F6-671C4F31E947}.Release|Any CPU.Build.0 = Release|Any CPU
		{C51A38E7-5764-4D17-94F1-52F51D0AAB2C}.Debug|Any CPU.ActiveCfg = Debug|Any CPU
		{C51A38E7-5764-4D17-94F1-52F51D0AAB2C}.Debug|Any CPU.Build.0 = Debug|Any CPU
		{C51A38E7-5764-4D17-94F1-52F51D0AAB2C}.Release|Any CPU.ActiveCfg = Release|Any CPU
		{C51A38E7-5764-4D17-94F1-52F51D0AAB2C}.Release|Any CPU.Build.0 = Release|Any CPU
	EndGlobalSection
EndGlobal
